
Microsoft Visual Studio Solution File, Format Version 12.00
# Visual Studio Version 16
VisualStudioVersion = 16.0.31205.134
MinimumVisualStudioVersion = 10.0.40219.1
Project("{FAE04EC0-301F-11D3-BF4B-00C04F79EFBC}") = "Services", "Services.csproj", "{5796FF11-F991-4DE7-8377-FA257DD61764}"
EndProject
Global
	GlobalSection(SolutionConfigurationPlatforms) = preSolution
		Debug|Any CPU = Debug|Any CPU
		Release|Any CPU = Release|Any CPU
	EndGlobalSection
	GlobalSection(ProjectConfigurationPlatforms) = postSolution
		{5796FF11-F991-4DE7-8377-FA257DD61764}.Debug|Any CPU.ActiveCfg = Debug|Any CPU
		{5796FF11-F991-4DE7-8377-FA257DD61764}.Debug|Any CPU.Build.0 = Debug|Any CPU
		{5796FF11-F991-4DE7-8377-FA257DD61764}.Release|Any CPU.ActiveCfg = Release|Any CPU
		{5796FF11-F991-4DE7-8377-FA257DD61764}.Release|Any CPU.Build.0 = Release|Any CPU
	EndGlobalSection
	GlobalSection(SolutionProperties) = preSolution
		HideSolutionNode = FALSE
	EndGlobalSection
	GlobalSection(ExtensibilityGlobals) = postSolution
		SolutionGuid = {C8C123C1-D5A3-42F0-8D21-E72E8331C21F}
	EndGlobalSection
EndGlobal
